
Microsoft Visual Studio Solution File, Format Version 12.00
# Visual Studio Version 17
VisualStudioVersion = 17.0.31903.59
MinimumVisualStudioVersion = 10.0.40219.1
Project("{FAE04EC0-301F-11D3-BF4B-00C04F79EFBC}") = "Solution1", "Solution1\Solution1.csproj", "{09876457-7CA1-46A9-B536-23267556B891}"
EndProject
Project("{FAE04EC0-301F-11D3-BF4B-00C04F79EFBC}") = "Solution2", "Solution2\Solution2.csproj", "{FCDAE218-920C-45F9-9448-E60E5DEACBB6}"
EndProject
Project("{FAE04EC0-301F-11D3-BF4B-00C04F79EFBC}") = "Solution3", "Solution3\Solution3.csproj", "{A927F852-C5EF-410A-B347-22B340CFDC13}"
EndProject
Project("{FAE04EC0-301F-11D3-BF4B-00C04F79EFBC}") = "Solution4", "Solution4\Solution4.csproj", "{28A216A2-4F8E-4EE3-8665-A8EDEFF78EF0}"
EndProject
Global
	GlobalSection(SolutionConfigurationPlatforms) = preSolution
		Debug|Any CPU = Debug|Any CPU
		Release|Any CPU = Release|Any CPU
	EndGlobalSection
	GlobalSection(SolutionProperties) = preSolution
		HideSolutionNode = FALSE
	EndGlobalSection
	GlobalSection(ProjectConfigurationPlatforms) = postSolution
		{09876457-7CA1-46A9-B536-23267556B891}.Debug|Any CPU.ActiveCfg = Debug|Any CPU
		{09876457-7CA1-46A9-B536-23267556B891}.Debug|Any CPU.Build.0 = Debug|Any CPU
		{09876457-7CA1-46A9-B536-23267556B891}.Release|Any CPU.ActiveCfg = Release|Any CPU
		{09876457-7CA1-46A9-B536-23267556B891}.Release|Any CPU.Build.0 = Release|Any CPU
		{FCDAE218-920C-45F9-9448-E60E5DEACBB6}.Debug|Any CPU.ActiveCfg = Debug|Any CPU
		{FCDAE218-920C-45F9-9448-E60E5DEACBB6}.Debug|Any CPU.Build.0 = Debug|Any CPU
		{FCDAE218-920C-45F9-9448-E60E5DEACBB6}.Release|Any CPU.ActiveCfg = Release|Any CPU
		{FCDAE218-920C-45F9-9448-E60E5DEACBB6}.Release|Any CPU.Build.0 = Release|Any CPU
		{A927F852-C5EF-410A-B347-22B340CFDC13}.Debug|Any CPU.ActiveCfg = Debug|Any CPU
		{A927F852-C5EF-410A-B347-22B340CFDC13}.Debug|Any CPU.Build.0 = Debug|Any CPU
		{A927F852-C5EF-410A-B347-22B340CFDC13}.Release|Any CPU.ActiveCfg = Release|Any CPU
		{A927F852-C5EF-410A-B347-22B340CFDC13}.Release|Any CPU.Build.0 = Release|Any CPU
		{28A216A2-4F8E-4EE3-8665-A8EDEFF78EF0}.Debug|Any CPU.ActiveCfg = Debug|Any CPU
		{28A216A2-4F8E-4EE3-8665-A8EDEFF78EF0}.Debug|Any CPU.Build.0 = Debug|Any CPU
		{28A216A2-4F8E-4EE3-8665-A8EDEFF78EF0}.Release|Any CPU.ActiveCfg = Release|Any CPU
		{28A216A2-4F8E-4EE3-8665-A8EDEFF78EF0}.Release|Any CPU.Build.0 = Release|Any CPU
	EndGlobalSection
EndGlobal
